
Microsoft Visual Studio Solution File, Format Version 12.00
# Visual Studio 15
VisualStudioVersion = 15.0.28307.106
MinimumVisualStudioVersion = 10.0.40219.1
Project("{FAE04EC0-301F-11D3-BF4B-00C04F79EFBC}") = "YazariKim.WEB", "YazariKim.WEB\YazariKim.WEB.csproj", "{B0B627B2-D6D1-41EC-B07F-EE8FA466BF4F}"
EndProject
Project("{FAE04EC0-301F-11D3-BF4B-00C04F79EFBC}") = "YazariKim.Model", "YazariKim.Model\YazariKim.Model.csproj", "{863B0438-0F5D-43E9-BE62-CB1FCC36CCD9}"
EndProject
Global
	GlobalSection(SolutionConfigurationPlatforms) = preSolution
		Debug|Any CPU = Debug|Any CPU
		Release|Any CPU = Release|Any CPU
	EndGlobalSection
	GlobalSection(ProjectConfigurationPlatforms) = postSolution
		{B0B627B2-D6D1-41EC-B07F-EE8FA466BF4F}.Debug|Any CPU.ActiveCfg = Debug|Any CPU
		{B0B627B2-D6D1-41EC-B07F-EE8FA466BF4F}.Debug|Any CPU.Build.0 = Debug|Any CPU
		{B0B627B2-D6D1-41EC-B07F-EE8FA466BF4F}.Release|Any CPU.ActiveCfg = Release|Any CPU
		{B0B627B2-D6D1-41EC-B07F-EE8FA466BF4F}.Release|Any CPU.Build.0 = Release|Any CPU
		{863B0438-0F5D-43E9-BE62-CB1FCC36CCD9}.Debug|Any CPU.ActiveCfg = Debug|Any CPU
		{863B0438-0F5D-43E9-BE62-CB1FCC36CCD9}.Debug|Any CPU.Build.0 = Debug|Any CPU
		{863B0438-0F5D-43E9-BE62-CB1FCC36CCD9}.Release|Any CPU.ActiveCfg = Release|Any CPU
		{863B0438-0F5D-43E9-BE62-CB1FCC36CCD9}.Release|Any CPU.Build.0 = Release|Any CPU
	EndGlobalSection
	GlobalSection(SolutionProperties) = preSolution
		HideSolutionNode = FALSE
	EndGlobalSection
	GlobalSection(ExtensibilityGlobals) = postSolution
		SolutionGuid = {455B1CEF-F149-4421-AAD0-FD2953343A40}
	EndGlobalSection
EndGlobal
